<Solution>
  <Folder Name="/Solution Items/">
    <File Path="README.md" />
    <File Path="Directory.Build.props" />
  </Folder>
  <Folder Name="/Core/">
    <Project Path="Core/FurkanTural_Labs_Domain/FurkanTural_Labs_Domain.csproj" />
  </Folder>
  <Folder Name="/Signature/">
    <Project Path="Signature/FurkanTural_Labs_Application/FurkanTural_Labs_Application.csproj" />
  </Folder>
  <Folder Name="/Infrastructure/">
    <Project Path="Infrastructure/FurkanTural_Labs_Persistence/FurkanTural_Labs_Persistence.csproj" />
  </Folder>
  <Folder Name="/Web/">
    <Project Path="Web/FurkanTural_Labs_Host/FurkanTural_Labs_Host.csproj" />
  </Folder>
  <Folder Name="/Labs/">
    <Project Path="Labs/Lab_01_QueryableVsEnumerable/Lab_01_QueryableVsEnumerable.csproj" />
    <Project Path="Labs/Lab_02_AsNoTracking/Lab_02_AsNoTracking.csproj" />
    <Project Path="Labs/Lab_03_MiddlewarePipeline/Lab_03_MiddlewarePipeline.csproj" />
    <Project Path="Labs/Lab_04_NPlusOne/Lab_04_NPlusOne.csproj" />
    <Project Path="Labs/Lab_05_DiScope/Lab_05_DiScope.csproj" />
    <Project Path="Labs/Lab_06_GlobalExceptionHandling/Lab_06_GlobalExceptionHandling.csproj" />
    <Project Path="Labs/Lab_07_RecordTypes/Lab_07_RecordTypes.csproj" />
    <Project Path="Labs/Lab_08_CancellationToken/Lab_08_CancellationToken.csproj" />
    <Project Path="Labs/Lab_09_HttpClientSockets/Lab_09_HttpClientSockets.csproj" />
    <Project Path="Labs/Lab_10_Specification/Lab_10_Specification.csproj" />
    <Project Path="Labs/Lab_11_MemoryVsDistributedCache/Lab_11_MemoryVsDistributedCache.csproj" />
    <Project Path="Labs/Lab_12_DateTimeVsOffset/Lab_12_DateTimeVsOffset.csproj" />
    <Project Path="Labs/Lab_13_OptionsLifetimes/Lab_13_OptionsLifetimes.csproj" />
    <Project Path="Labs/Lab_14_RateLimiting/Lab_14_RateLimiting.csproj" />
    <Project Path="Labs/Lab_15_Channel/Lab_15_Channel.csproj" />
    <Project Path="Labs/Lab_16_PolicyAuthorization/Lab_16_PolicyAuthorization.csproj" />
    <Project Path="Labs/Lab_17_SkipTakePaging/Lab_17_SkipTakePaging.csproj" />
    <Project Path="Labs/Lab_18_StructuredLogging/Lab_18_StructuredLogging.csproj" />
    <Project Path="Labs/Lab_19_ExecuteUpdate/Lab_19_ExecuteUpdate.csproj" />
    <Project Path="Labs/Lab_20_Cors/Lab_20_Cors.csproj" />
    <Project Path="Labs/Lab_21_OutputCaching/Lab_21_OutputCaching.csproj" />
    <Project Path="Labs/Lab_22_SplitQuery/Lab_22_SplitQuery.csproj" />
    <Project Path="Labs/Lab_23_QueryFilter/Lab_23_QueryFilter.csproj" />
    <Project Path="Labs/Lab_24_AsyncExceptions/Lab_24_AsyncExceptions.csproj" />
  </Folder>
</Solution>
